{
  "name": "aws-lambda-layer-cli",
  "version": "1.3.0",
  "lockfileVersion": 3,
  "requires": true,
  "packages": {
    "": {
      "name": "aws-lambda-layer-cli",
      "version": "1.3.0",
      "license": "MIT",
      "dependencies": {
        "aws-lambda-layer-cli": "file:aws-lambda-layer-cli-1.3.0.tgz"
      },
      "bin": {
        "aws-lambda-layer": "bin/aws-lambda-layer.js"
      },
      "engines": {
        "node": ">=18"
      }
    },
    "node_modules/aws-lambda-layer-cli": {
      "version": "1.3.0",
      "resolved": "file:aws-lambda-layer-cli-1.3.0.tgz",
      "integrity": "sha512-eB3MvHKUhv66wY4o0yJTo9mrK7hIFqApEbxk7Sc+7O7aqnwBJThwhLOxyOz5S4kXJgj633HWJdzMR3eGSqKOKA==",
      "license": "MIT",
      "bin": {
        "aws-lambda-layer": "bin/aws-lambda-layer.js"
      },
      "engines": {
        "node": ">=18"
      }
    }
  }
}
