{
  "name": "aws-lambda-layer-cli",
  "version": "2.0.1",
  "lockfileVersion": 3,
  "requires": true,
  "packages": {
    "": {
      "name": "aws-lambda-layer-cli",
      "version": "2.0.1",
      "hasInstallScript": true,
      "license": "MIT",
      "bin": {
        "aws-lambda-layer-cli": "bin/aws-lambda-layer-cli.js"
      },
      "engines": {
        "node": ">=18"
      }
    }
  }
}
